
Microsoft Visual Studio Solution File, Format Version 12.00
# Visual Studio 15
VisualStudioVersion = 15.0.28010.2026
MinimumVisualStudioVersion = 10.0.40219.1
Project("{FAE04EC0-301F-11D3-BF4B-00C04F79EFBC}") = "20181123", "20181123.csproj", "{E64B37B4-C132-45FC-A892-C4613BC9CECD}"
EndProject
Global
	GlobalSection(SolutionConfigurationPlatforms) = preSolution
		Debug|Any CPU = Debug|Any CPU
		Release|Any CPU = Release|Any CPU
	EndGlobalSection
	GlobalSection(ProjectConfigurationPlatforms) = postSolution
		{E64B37B4-C132-45FC-A892-C4613BC9CECD}.Debug|Any CPU.ActiveCfg = Debug|Any CPU
		{E64B37B4-C132-45FC-A892-C4613BC9CECD}.Debug|Any CPU.Build.0 = Debug|Any CPU
		{E64B37B4-C132-45FC-A892-C4613BC9CECD}.Release|Any CPU.ActiveCfg = Release|Any CPU
		{E64B37B4-C132-45FC-A892-C4613BC9CECD}.Release|Any CPU.Build.0 = Release|Any CPU
	EndGlobalSection
	GlobalSection(SolutionProperties) = preSolution
		HideSolutionNode = FALSE
	EndGlobalSection
	GlobalSection(ExtensibilityGlobals) = postSolution
		SolutionGuid = {1B49CC75-C397-4AF0-9CFE-C85E6D75927A}
	EndGlobalSection
EndGlobal
